# This file is generated by running "yarn install" inside your project.
# Manual changes might be lost - proceed with caution!

__metadata:
  version: 8
  cacheKey: 10c0

"@emotion/is-prop-valid@npm:^0.8.2":
  version: 0.8.8
  resolution: "@emotion/is-prop-valid@npm:0.8.8"
  dependencies:
    "@emotion/memoize": "npm:0.7.4"
  checksum: f6be625f067c7fa56a12a4edaf090715616dc4fc7803c87212831f38c969350107b9709b1be54100e53153b18d9fa068eb4bf4f9ac66a37a8edf1bac9b64e279
  languageName: node
  linkType: hard

"@emotion/memoize@npm:0.7.4":
  version: 0.7.4
  resolution: "@emotion/memoize@npm:0.7.4"
  checksum: b2376548fc147b43afd1ff005a80a1a025bd7eb4fb759fdb23e96e5ff290ee8ba16628a332848d600fb91c3cdc319eee5395fa33d8875e5d5a8c4ce18cddc18e
  languageName: node
  linkType: hard

"@rollup/pluginutils@npm:^3.0.9":
  version: 3.1.0
  resolution: "@rollup/pluginutils@npm:3.1.0"
  dependencies:
    "@types/estree": "npm:0.0.39"
    estree-walker: "npm:^1.0.1"
    picomatch: "npm:^2.2.2"
  peerDependencies:
    rollup: ^1.20.0||^2.0.0
  checksum: 7151753160d15ba2b259461a6c25b3932150994ea52dba8fd3144f634c7647c2e56733d986e2c15de67c4d96a9ee7d6278efa6d2e626a7169898fd64adc0f90c
  languageName: node
  linkType: hard

"@types/estree@npm:0.0.39":
  version: 0.0.39
  resolution: "@types/estree@npm:0.0.39"
  checksum: f0af6c95ac1988c4827964bd9d3b51d24da442e2188943f6dfcb1e1559103d5d024d564b2e9d3f84c53714a02a0a7435c7441138eb63d9af5de4dfc66cdc0d92
  languageName: node
  linkType: hard

"@types/lodash@npm:^4.14.202":
  version: 4.14.202
  resolution: "@types/lodash@npm:4.14.202"
  checksum: 6064d43c8f454170841bd67c8266cc9069d9e570a72ca63f06bceb484cb4a3ee60c9c1f305c1b9e3a87826049fd41124b8ef265c4dd08b00f6766609c7fe9973
  languageName: node
  linkType: hard

"@types/prop-types@npm:*":
  version: 15.7.9
  resolution: "@types/prop-types@npm:15.7.9"
  checksum: e2a7373b91a8eb30cb4e399ef5b3a14baa7d72eed1667ef5e3cb1e9400edfca9b60c20b845fefdcf7562773829f6ff60ba350b09f6313a8093e70c15b2b88f00
  languageName: node
  linkType: hard

"@types/react@npm:^18.0.12":
  version: 18.2.29
  resolution: "@types/react@npm:18.2.29"
  dependencies:
    "@types/prop-types": "npm:*"
    "@types/scheduler": "npm:*"
    csstype: "npm:^3.0.2"
  checksum: b1f9f0d280a3c94a1d3c0a89595b4e7e139c1db39d39f1160c38ad44f790e03c1da8ab982779d57b1f25eef1a51749270433bbc9bbceda289211fb849044e114
  languageName: node
  linkType: hard

"@types/scheduler@npm:*":
  version: 0.16.5
  resolution: "@types/scheduler@npm:0.16.5"
  checksum: 625b63cd5dcaf6fb88fe03aa7c797f28cb121f03584126d4811b2d03f39bc3e238ce52cf7685ad8adfe8445d679934e6be47347723a6771ca2058c01f0c33760
  languageName: node
  linkType: hard

"atob@npm:^2.1.2":
  version: 2.1.2
  resolution: "atob@npm:2.1.2"
  bin:
    atob: bin/atob.js
  checksum: ada635b519dc0c576bb0b3ca63a73b50eefacf390abb3f062558342a8d68f2db91d0c8db54ce81b0d89de3b0f000de71f3ae7d761fd7d8cc624278fe443d6c7e
  languageName: node
  linkType: hard

"csstype@npm:^3.0.2":
  version: 3.1.2
  resolution: "csstype@npm:3.1.2"
  checksum: 32c038af259897c807ac738d9eab16b3d86747c72b09d5c740978e06f067f9b7b1737e1b75e407c7ab1fe1543dc95f20e202b4786aeb1b8d3bdf5d5ce655e6c6
  languageName: node
  linkType: hard

"decode-uri-component@npm:^0.2.0":
  version: 0.2.2
  resolution: "decode-uri-component@npm:0.2.2"
  checksum: 1f4fa54eb740414a816b3f6c24818fbfcabd74ac478391e9f4e2282c994127db02010ce804f3d08e38255493cfe68608b3f5c8e09fd6efc4ae46c807691f7a31
  languageName: node
  linkType: hard

"estree-walker@npm:^1.0.1":
  version: 1.0.1
  resolution: "estree-walker@npm:1.0.1"
  checksum: fa9e5f8c1bbe8d01e314c0f03067b64a4f22d4c58410fc5237060d0c15b81e58c23921c41acc60abbdab490f1fdfcbd6408ede2d03ca704454272e0244d61a55
  languageName: node
  linkType: hard

"framer-motion@npm:^10.11.4":
  version: 10.16.4
  resolution: "framer-motion@npm:10.16.4"
  dependencies:
    "@emotion/is-prop-valid": "npm:^0.8.2"
    tslib: "npm:^2.4.0"
  peerDependencies:
    react: ^18.0.0
    react-dom: ^18.0.0
  dependenciesMeta:
    "@emotion/is-prop-valid":
      optional: true
  peerDependenciesMeta:
    react:
      optional: true
    react-dom:
      optional: true
  checksum: a50f2124fbb585ec0a73d8ba7538cef3fb5deec463ae813d7e15c0893aa55d2f0919d432a33770cab38a1df81fa2c7e29a4834f2ba6e3713bc9c29dd6a98f3af
  languageName: node
  linkType: hard

"js-tokens@npm:^3.0.0 || ^4.0.0":
  version: 4.0.0
  resolution: "js-tokens@npm:4.0.0"
  checksum: e248708d377aa058eacf2037b07ded847790e6de892bbad3dac0abba2e759cb9f121b00099a65195616badcb6eca8d14d975cb3e89eb1cfda644756402c8aeed
  languageName: node
  linkType: hard

"lodash@npm:^4.17.21":
  version: 4.17.21
  resolution: "lodash@npm:4.17.21"
  checksum: d8cbea072bb08655bb4c989da418994b073a608dffa608b09ac04b43a791b12aeae7cd7ad919aa4c925f33b48490b5cfe6c1f71d827956071dae2e7bb3a6b74c
  languageName: node
  linkType: hard

"loose-envify@npm:^1.1.0":
  version: 1.4.0
  resolution: "loose-envify@npm:1.4.0"
  dependencies:
    js-tokens: "npm:^3.0.0 || ^4.0.0"
  bin:
    loose-envify: cli.js
  checksum: 655d110220983c1a4b9c0c679a2e8016d4b67f6e9c7b5435ff5979ecdb20d0813f4dec0a08674fcbdd4846a3f07edbb50a36811fd37930b94aaa0d9daceb017e
  languageName: node
  linkType: hard

"picomatch@npm:^2.2.2":
  version: 2.3.1
  resolution: "picomatch@npm:2.3.1"
  checksum: 26c02b8d06f03206fc2ab8d16f19960f2ff9e81a658f831ecb656d8f17d9edc799e8364b1f4a7873e89d9702dff96204be0fa26fe4181f6843f040f819dac4be
  languageName: node
  linkType: hard

"react-animated-counter@workspace:.":
  version: 0.0.0-use.local
  resolution: "react-animated-counter@workspace:."
  dependencies:
    "@types/lodash": "npm:^4.14.202"
    "@types/react": "npm:^18.0.12"
    framer-motion: "npm:^10.11.4"
    lodash: "npm:^4.17.21"
    react: "npm:^18.2.0"
    react-dom: "npm:^18.2.0"
    rollup-plugin-sourcemaps: "npm:^0.6.3"
  peerDependencies:
    react: ">=16"
  languageName: unknown
  linkType: soft

"react-dom@npm:^18.2.0":
  version: 18.2.0
  resolution: "react-dom@npm:18.2.0"
  dependencies:
    loose-envify: "npm:^1.1.0"
    scheduler: "npm:^0.23.0"
  peerDependencies:
    react: ^18.2.0
  checksum: 66dfc5f93e13d0674e78ef41f92ed21dfb80f9c4ac4ac25a4b51046d41d4d2186abc915b897f69d3d0ebbffe6184e7c5876f2af26bfa956f179225d921be713a
  languageName: node
  linkType: hard

"react@npm:^18.2.0":
  version: 18.2.0
  resolution: "react@npm:18.2.0"
  dependencies:
    loose-envify: "npm:^1.1.0"
  checksum: b562d9b569b0cb315e44b48099f7712283d93df36b19a39a67c254c6686479d3980b7f013dc931f4a5a3ae7645eae6386b4aa5eea933baa54ecd0f9acb0902b8
  languageName: node
  linkType: hard

"rollup-plugin-sourcemaps@npm:^0.6.3":
  version: 0.6.3
  resolution: "rollup-plugin-sourcemaps@npm:0.6.3"
  dependencies:
    "@rollup/pluginutils": "npm:^3.0.9"
    source-map-resolve: "npm:^0.6.0"
  peerDependencies:
    "@types/node": ">=10.0.0"
    rollup: ">=0.31.2"
  peerDependenciesMeta:
    "@types/node":
      optional: true
  checksum: c2d4f1b76d40fa4fb78bd8403c24e4e8539f9097e1a9fb7eb7162f47fbf313f31293442ca1a01a0dab8ff52ded9aa4ea7bbbeae47aaadb765d270f15325ba4c9
  languageName: node
  linkType: hard

"scheduler@npm:^0.23.0":
  version: 0.23.0
  resolution: "scheduler@npm:0.23.0"
  dependencies:
    loose-envify: "npm:^1.1.0"
  checksum: b777f7ca0115e6d93e126ac490dbd82642d14983b3079f58f35519d992fa46260be7d6e6cede433a92db70306310c6f5f06e144f0e40c484199e09c1f7be53dd
  languageName: node
  linkType: hard

"source-map-resolve@npm:^0.6.0":
  version: 0.6.0
  resolution: "source-map-resolve@npm:0.6.0"
  dependencies:
    atob: "npm:^2.1.2"
    decode-uri-component: "npm:^0.2.0"
  checksum: bc2a94af3d2417196195eecf0130925b3558726726504a7c7bd1b9e383c4a789fa3f4616c4c673cf8bd7930ddd2e80481f203422282aeae342dbd56b91995188
  languageName: node
  linkType: hard

"tslib@npm:^2.4.0":
  version: 2.6.2
  resolution: "tslib@npm:2.6.2"
  checksum: e03a8a4271152c8b26604ed45535954c0a45296e32445b4b87f8a5abdb2421f40b59b4ca437c4346af0f28179780d604094eb64546bee2019d903d01c6c19bdb
  languageName: node
  linkType: hard
